// !$*UTF8*$!
{
	archiveVersion = 1;
	classes = {
	};
	objectVersion = 56;
	objects = {

/* Begin PBXBuildFile section */
		1504250229BBF4F700D02E94 /* BlocksFetcher.swift in Sources */ = {isa = PBXBuildFile; fileRef = 1504250129BBF4F700D02E94 /* BlocksFetcher.swift */; };
		1504250429BBF54800D02E94 /* Block.swift in Sources */ = {isa = PBXBuildFile; fileRef = 1504250329BBF54800D02E94 /* Block.swift */; };
		1504A77129CC2FD000CE544F /* NetworkStatus.swift in Sources */ = {isa = PBXBuildFile; fileRef = 1504A77029CC2FD000CE544F /* NetworkStatus.swift */; };
		1504A77329CE074F00CE544F /* FedsStatus.swift in Sources */ = {isa = PBXBuildFile; fileRef = 1504A77229CE074F00CE544F /* FedsStatus.swift */; };
		15077FF829BC3381006190CB /* ParkDetailView.swift in Sources */ = {isa = PBXBuildFile; fileRef = 15077FF729BC3381006190CB /* ParkDetailView.swift */; };
		15077FFB29BC6751006190CB /* ParkRow.swift in Sources */ = {isa = PBXBuildFile; fileRef = 15077FFA29BC6751006190CB /* ParkRow.swift */; };
		15077FFD29BD4308006190CB /* ParkStatusView.swift in Sources */ = {isa = PBXBuildFile; fileRef = 15077FFC29BD4308006190CB /* ParkStatusView.swift */; };
		151D6EC229C6379400113262 /* DateExtension.swift in Sources */ = {isa = PBXBuildFile; fileRef = 151D6EC129C6379400113262 /* DateExtension.swift */; };
		151D6EC429C6D79400113262 /* ScoutStatus.swift in Sources */ = {isa = PBXBuildFile; fileRef = 151D6EC329C6D79400113262 /* ScoutStatus.swift */; };
		151D6EC629C6D83700113262 /* StatusFetcher.swift in Sources */ = {isa = PBXBuildFile; fileRef = 151D6EC529C6D83700113262 /* StatusFetcher.swift */; };
		15F5D94029BB06CB0085AE1F /* FedsMonitoringAppApp.swift in Sources */ = {isa = PBXBuildFile; fileRef = 15F5D93F29BB06CB0085AE1F /* FedsMonitoringAppApp.swift */; };
		15F5D94229BB06CB0085AE1F /* ContentView.swift in Sources */ = {isa = PBXBuildFile; fileRef = 15F5D94129BB06CB0085AE1F /* ContentView.swift */; };
		15F5D94429BB06CD0085AE1F /* Assets.xcassets in Resources */ = {isa = PBXBuildFile; fileRef = 15F5D94329BB06CD0085AE1F /* Assets.xcassets */; };
		15F5D94729BB06CD0085AE1F /* Preview Assets.xcassets in Resources */ = {isa = PBXBuildFile; fileRef = 15F5D94629BB06CD0085AE1F /* Preview Assets.xcassets */; };
		15F5D94F29BB07580085AE1F /* Park.swift in Sources */ = {isa = PBXBuildFile; fileRef = 15F5D94E29BB07580085AE1F /* Park.swift */; };
		15F5D95229BB07F20085AE1F /* ParkFetcher.swift in Sources */ = {isa = PBXBuildFile; fileRef = 15F5D95129BB07F20085AE1F /* ParkFetcher.swift */; };
		15F5D95529BB08370085AE1F /* ParkListView.swift in Sources */ = {isa = PBXBuildFile; fileRef = 15F5D95429BB08370085AE1F /* ParkListView.swift */; };
		15F5D95729BB08460085AE1F /* ErrorView.swift in Sources */ = {isa = PBXBuildFile; fileRef = 15F5D95629BB08460085AE1F /* ErrorView.swift */; };
		15F5D95929BB084F0085AE1F /* LoadingView.swift in Sources */ = {isa = PBXBuildFile; fileRef = 15F5D95829BB084F0085AE1F /* LoadingView.swift */; };
		15F5D95B29BB11900085AE1F /* APIError.swift in Sources */ = {isa = PBXBuildFile; fileRef = 15F5D95A29BB11900085AE1F /* APIError.swift */; };
		15F5D95D29BB15330085AE1F /* APIService.swift in Sources */ = {isa = PBXBuildFile; fileRef = 15F5D95C29BB15330085AE1F /* APIService.swift */; };
/* End PBXBuildFile section */

/* Begin PBXFileReference section */
		1504250129BBF4F700D02E94 /* BlocksFetcher.swift */ = {isa = PBXFileReference; lastKnownFileType = sourcecode.swift; path = BlocksFetcher.swift; sourceTree = "<group>"; };
		1504250329BBF54800D02E94 /* Block.swift */ = {isa = PBXFileReference; lastKnownFileType = sourcecode.swift; path = Block.swift; sourceTree = "<group>"; };
		1504A77029CC2FD000CE544F /* NetworkStatus.swift */ = {isa = PBXFileReference; lastKnownFileType = sourcecode.swift; path = NetworkStatus.swift; sourceTree = "<group>"; };
		1504A77229CE074F00CE544F /* FedsStatus.swift */ = {isa = PBXFileReference; lastKnownFileType = sourcecode.swift; path = FedsStatus.swift; sourceTree = "<group>"; };
		15077FF729BC3381006190CB /* ParkDetailView.swift */ = {isa = PBXFileReference; lastKnownFileType = sourcecode.swift; path = ParkDetailView.swift; sourceTree = "<group>"; };
		15077FFA29BC6751006190CB /* ParkRow.swift */ = {isa = PBXFileReference; lastKnownFileType = sourcecode.swift; path = ParkRow.swift; sourceTree = "<group>"; };
		15077FFC29BD4308006190CB /* ParkStatusView.swift */ = {isa = PBXFileReference; lastKnownFileType = sourcecode.swift; path = ParkStatusView.swift; sourceTree = "<group>"; };
		151D6EC129C6379400113262 /* DateExtension.swift */ = {isa = PBXFileReference; lastKnownFileType = sourcecode.swift; path = DateExtension.swift; sourceTree = "<group>"; };
		151D6EC329C6D79400113262 /* ScoutStatus.swift */ = {isa = PBXFileReference; lastKnownFileType = sourcecode.swift; path = ScoutStatus.swift; sourceTree = "<group>"; };
		151D6EC529C6D83700113262 /* StatusFetcher.swift */ = {isa = PBXFileReference; lastKnownFileType = sourcecode.swift; path = StatusFetcher.swift; sourceTree = "<group>"; };
		15F5D93C29BB06CB0085AE1F /* FedsMonitoringApp.app */ = {isa = PBXFileReference; explicitFileType = wrapper.application; includeInIndex = 0; path = FedsMonitoringApp.app; sourceTree = BUILT_PRODUCTS_DIR; };
		15F5D93F29BB06CB0085AE1F /* FedsMonitoringAppApp.swift */ = {isa = PBXFileReference; lastKnownFileType = sourcecode.swift; path = FedsMonitoringAppApp.swift; sourceTree = "<group>"; };
		15F5D94129BB06CB0085AE1F /* ContentView.swift */ = {isa = PBXFileReference; lastKnownFileType = sourcecode.swift; path = ContentView.swift; sourceTree = "<group>"; };
		15F5D94329BB06CD0085AE1F /* Assets.xcassets */ = {isa = PBXFileReference; lastKnownFileType = folder.assetcatalog; path = Assets.xcassets; sourceTree = "<group>"; };
		15F5D94629BB06CD0085AE1F /* Preview Assets.xcassets */ = {isa = PBXFileReference; lastKnownFileType = folder.assetcatalog; path = "Preview Assets.xcassets"; sourceTree = "<group>"; };
		15F5D94E29BB07580085AE1F /* Park.swift */ = {isa = PBXFileReference; lastKnownFileType = sourcecode.swift; path = Park.swift; sourceTree = "<group>"; };
		15F5D95129BB07F20085AE1F /* ParkFetcher.swift */ = {isa = PBXFileReference; lastKnownFileType = sourcecode.swift; path = ParkFetcher.swift; sourceTree = "<group>"; };
		15F5D95429BB08370085AE1F /* ParkListView.swift */ = {isa = PBXFileReference; lastKnownFileType = sourcecode.swift; path = ParkListView.swift; sourceTree = "<group>"; };
		15F5D95629BB08460085AE1F /* ErrorView.swift */ = {isa = PBXFileReference; lastKnownFileType = sourcecode.swift; path = ErrorView.swift; sourceTree = "<group>"; };
		15F5D95829BB084F0085AE1F /* LoadingView.swift */ = {isa = PBXFileReference; lastKnownFileType = sourcecode.swift; path = LoadingView.swift; sourceTree = "<group>"; };
		15F5D95A29BB11900085AE1F /* APIError.swift */ = {isa = PBXFileReference; lastKnownFileType = sourcecode.swift; path = APIError.swift; sourceTree = "<group>"; };
		15F5D95C29BB15330085AE1F /* APIService.swift */ = {isa = PBXFileReference; lastKnownFileType = sourcecode.swift; path = APIService.swift; sourceTree = "<group>"; };
/* End PBXFileReference section */

/* Begin PBXFrameworksBuildPhase section */
		15F5D93929BB06CB0085AE1F /* Frameworks */ = {
			isa = PBXFrameworksBuildPhase;
			buildActionMask = 2147483647;
			files = (
			);
			runOnlyForDeploymentPostprocessing = 0;
		};
/* End PBXFrameworksBuildPhase section */

/* Begin PBXGroup section */
		15077FF929BC673A006190CB /* components */ = {
			isa = PBXGroup;
			children = (
				15077FFA29BC6751006190CB /* ParkRow.swift */,
			);
			path = components;
			sourceTree = "<group>";
		};
		151D6EC029C6378000113262 /* support */ = {
			isa = PBXGroup;
			children = (
				151D6EC129C6379400113262 /* DateExtension.swift */,
			);
			path = support;
			sourceTree = "<group>";
		};
		15F5D93329BB06CB0085AE1F = {
			isa = PBXGroup;
			children = (
				15F5D93E29BB06CB0085AE1F /* FedsMonitoringApp */,
				15F5D93D29BB06CB0085AE1F /* Products */,
			);
			sourceTree = "<group>";
		};
		15F5D93D29BB06CB0085AE1F /* Products */ = {
			isa = PBXGroup;
			children = (
				15F5D93C29BB06CB0085AE1F /* FedsMonitoringApp.app */,
			);
			name = Products;
			sourceTree = "<group>";
		};
		15F5D93E29BB06CB0085AE1F /* FedsMonitoringApp */ = {
			isa = PBXGroup;
			children = (
				151D6EC029C6378000113262 /* support */,
				15077FF929BC673A006190CB /* components */,
				15F5D95329BB08110085AE1F /* view */,
				15F5D95029BB07DE0085AE1F /* viewmodel */,
				15F5D94D29BB06E00085AE1F /* model */,
				15F5D93F29BB06CB0085AE1F /* FedsMonitoringAppApp.swift */,
				15F5D94129BB06CB0085AE1F /* ContentView.swift */,
				15F5D94329BB06CD0085AE1F /* Assets.xcassets */,
				15F5D94529BB06CD0085AE1F /* Preview Content */,
			);
			path = FedsMonitoringApp;
			sourceTree = "<group>";
		};
		15F5D94529BB06CD0085AE1F /* Preview Content */ = {
			isa = PBXGroup;
			children = (
				15F5D94629BB06CD0085AE1F /* Preview Assets.xcassets */,
			);
			path = "Preview Content";
			sourceTree = "<group>";
		};
		15F5D94D29BB06E00085AE1F /* model */ = {
			isa = PBXGroup;
			children = (
				15F5D94E29BB07580085AE1F /* Park.swift */,
				1504250329BBF54800D02E94 /* Block.swift */,
				151D6EC329C6D79400113262 /* ScoutStatus.swift */,
				1504A77029CC2FD000CE544F /* NetworkStatus.swift */,
				1504A77229CE074F00CE544F /* FedsStatus.swift */,
			);
			path = model;
			sourceTree = "<group>";
		};
		15F5D95029BB07DE0085AE1F /* viewmodel */ = {
			isa = PBXGroup;
			children = (
				15F5D95129BB07F20085AE1F /* ParkFetcher.swift */,
				15F5D95A29BB11900085AE1F /* APIError.swift */,
				15F5D95C29BB15330085AE1F /* APIService.swift */,
				1504250129BBF4F700D02E94 /* BlocksFetcher.swift */,
				151D6EC529C6D83700113262 /* StatusFetcher.swift */,
			);
			path = viewmodel;
			sourceTree = "<group>";
		};
		15F5D95329BB08110085AE1F /* view */ = {
			isa = PBXGroup;
			children = (
				15F5D95429BB08370085AE1F /* ParkListView.swift */,
				15F5D95629BB08460085AE1F /* ErrorView.swift */,
				15F5D95829BB084F0085AE1F /* LoadingView.swift */,
				15077FF729BC3381006190CB /* ParkDetailView.swift */,
				15077FFC29BD4308006190CB /* ParkStatusView.swift */,
			);
			path = view;
			sourceTree = "<group>";
		};
/* End PBXGroup section */

/* Begin PBXNativeTarget section */
		15F5D93B29BB06CB0085AE1F /* FedsMonitoringApp */ = {
			isa = PBXNativeTarget;
			buildConfigurationList = 15F5D94A29BB06CD0085AE1F /* Build configuration list for PBXNativeTarget "FedsMonitoringApp" */;
			buildPhases = (
				15F5D93829BB06CB0085AE1F /* Sources */,
				15F5D93929BB06CB0085AE1F /* Frameworks */,
				15F5D93A29BB06CB0085AE1F /* Resources */,
			);
			buildRules = (
			);
			dependencies = (
			);
			name = FedsMonitoringApp;
			productName = FedsMonitoringApp;
			productReference = 15F5D93C29BB06CB0085AE1F /* FedsMonitoringApp.app */;
			productType = "com.apple.product-type.application";
		};
/* End PBXNativeTarget section */

/* Begin PBXProject section */
		15F5D93429BB06CB0085AE1F /* Project object */ = {
			isa = PBXProject;
			attributes = {
				BuildIndependentTargetsInParallel = 1;
				LastSwiftUpdateCheck = 1420;
				LastUpgradeCheck = 1420;
				TargetAttributes = {
					15F5D93B29BB06CB0085AE1F = {
						CreatedOnToolsVersion = 14.2;
					};
				};
			};
			buildConfigurationList = 15F5D93729BB06CB0085AE1F /* Build configuration list for PBXProject "FedsMonitoringApp" */;
			compatibilityVersion = "Xcode 14.0";
			developmentRegion = en;
			hasScannedForEncodings = 0;
			knownRegions = (
				en,
				Base,
			);
			mainGroup = 15F5D93329BB06CB0085AE1F;
			productRefGroup = 15F5D93D29BB06CB0085AE1F /* Products */;
			projectDirPath = "";
			projectRoot = "";
			targets = (
				15F5D93B29BB06CB0085AE1F /* FedsMonitoringApp */,
			);
		};
/* End PBXProject section */

/* Begin PBXResourcesBuildPhase section */
		15F5D93A29BB06CB0085AE1F /* Resources */ = {
			isa = PBXResourcesBuildPhase;
			buildActionMask = 2147483647;
			files = (
				15F5D94729BB06CD0085AE1F /* Preview Assets.xcassets in Resources */,
				15F5D94429BB06CD0085AE1F /* Assets.xcassets in Resources */,
			);
			runOnlyForDeploymentPostprocessing = 0;
		};
/* End PBXResourcesBuildPhase section */

/* Begin PBXSourcesBuildPhase section */
		15F5D93829BB06CB0085AE1F /* Sources */ = {
			isa = PBXSourcesBuildPhase;
			buildActionMask = 2147483647;
			files = (
				15077FFB29BC6751006190CB /* ParkRow.swift in Sources */,
				1504A77329CE074F00CE544F /* FedsStatus.swift in Sources */,
				151D6EC229C6379400113262 /* DateExtension.swift in Sources */,
				151D6EC629C6D83700113262 /* StatusFetcher.swift in Sources */,
				15F5D95529BB08370085AE1F /* ParkListView.swift in Sources */,
				1504250429BBF54800D02E94 /* Block.swift in Sources */,
				15F5D95729BB08460085AE1F /* ErrorView.swift in Sources */,
				15077FFD29BD4308006190CB /* ParkStatusView.swift in Sources */,
				15F5D94229BB06CB0085AE1F /* ContentView.swift in Sources */,
				15F5D94F29BB07580085AE1F /* Park.swift in Sources */,
				15F5D94029BB06CB0085AE1F /* FedsMonitoringAppApp.swift in Sources */,
				1504A77129CC2FD000CE544F /* NetworkStatus.swift in Sources */,
				15F5D95B29BB11900085AE1F /* APIError.swift in Sources */,
				15F5D95929BB084F0085AE1F /* LoadingView.swift in Sources */,
				15F5D95D29BB15330085AE1F /* APIService.swift in Sources */,
				1504250229BBF4F700D02E94 /* BlocksFetcher.swift in Sources */,
				15F5D95229BB07F20085AE1F /* ParkFetcher.swift in Sources */,
				151D6EC429C6D79400113262 /* ScoutStatus.swift in Sources */,
				15077FF829BC3381006190CB /* ParkDetailView.swift in Sources */,
			);
			runOnlyForDeploymentPostprocessing = 0;
		};
/* End PBXSourcesBuildPhase section */

/* Begin XCBuildConfiguration section */
		15F5D94829BB06CD0085AE1F /* Debug */ = {
			isa = XCBuildConfiguration;
			buildSettings = {
				ALWAYS_SEARCH_USER_PATHS = NO;
				CLANG_ANALYZER_NONNULL = YES;
				CLANG_ANALYZER_NUMBER_OBJECT_CONVERSION = YES_AGGRESSIVE;
				CLANG_CXX_LANGUAGE_STANDARD = "gnu++20";
				CLANG_ENABLE_MODULES = YES;
				CLANG_ENABLE_OBJC_ARC = YES;
				CLANG_ENABLE_OBJC_WEAK = YES;
				CLANG_WARN_BLOCK_CAPTURE_AUTORELEASING = YES;
				CLANG_WARN_BOOL_CONVERSION = YES;
				CLANG_WARN_COMMA = YES;
				CLANG_WARN_CONSTANT_CONVERSION = YES;
				CLANG_WARN_DEPRECATED_OBJC_IMPLEMENTATIONS = YES;
				CLANG_WARN_DIRECT_OBJC_ISA_USAGE = YES_ERROR;
				CLANG_WARN_DOCUMENTATION_COMMENTS = YES;
				CLANG_WARN_EMPTY_BODY = YES;
				CLANG_WARN_ENUM_CONVERSION = YES;
				CLANG_WARN_INFINITE_RECURSION = YES;
				CLANG_WARN_INT_CONVERSION = YES;
				CLANG_WARN_NON_LITERAL_NULL_CONVERSION = YES;
				CLANG_WARN_OBJC_IMPLICIT_RETAIN_SELF = YES;
				CLANG_WARN_OBJC_LITERAL_CONVERSION = YES;
				CLANG_WARN_OBJC_ROOT_CLASS = YES_ERROR;
				CLANG_WARN_QUOTED_INCLUDE_IN_FRAMEWORK_HEADER = YES;
				CLANG_WARN_RANGE_LOOP_ANALYSIS = YES;
				CLANG_WARN_STRICT_PROTOTYPES = YES;
				CLANG_WARN_SUSPICIOUS_MOVE = YES;
				CLANG_WARN_UNGUARDED_AVAILABILITY = YES_AGGRESSIVE;
				CLANG_WARN_UNREACHABLE_CODE = YES;
				CLANG_WARN__DUPLICATE_METHOD_MATCH = YES;
				COPY_PHASE_STRIP = NO;
				DEBUG_INFORMATION_FORMAT = dwarf;
				ENABLE_STRICT_OBJC_MSGSEND = YES;
				ENABLE_TESTABILITY = YES;
				GCC_C_LANGUAGE_STANDARD = gnu11;
				GCC_DYNAMIC_NO_PIC = NO;
				GCC_NO_COMMON_BLOCKS = YES;
				GCC_OPTIMIZATION_LEVEL = 0;
				GCC_PREPROCESSOR_DEFINITIONS = (
					"DEBUG=1",
					"$(inherited)",
				);
				GCC_WARN_64_TO_32_BIT_CONVERSION = YES;
				GCC_WARN_ABOUT_RETURN_TYPE = YES_ERROR;
				GCC_WARN_UNDECLARED_SELECTOR = YES;
				GCC_WARN_UNINITIALIZED_AUTOS = YES_AGGRESSIVE;
				GCC_WARN_UNUSED_FUNCTION = YES;
				GCC_WARN_UNUSED_VARIABLE = YES;
				IPHONEOS_DEPLOYMENT_TARGET = 16.2;
				MTL_ENABLE_DEBUG_INFO = INCLUDE_SOURCE;
				MTL_FAST_MATH = YES;
				ONLY_ACTIVE_ARCH = YES;
				SDKROOT = iphoneos;
				SWIFT_ACTIVE_COMPILATION_CONDITIONS = DEBUG;
				SWIFT_OPTIMIZATION_LEVEL = "-Onone";
			};
			name = Debug;
		};
		15F5D94929BB06CD0085AE1F /* Release */ = {
			isa = XCBuildConfiguration;
			buildSettings = {
				ALWAYS_SEARCH_USER_PATHS = NO;
				CLANG_ANALYZER_NONNULL = YES;
				CLANG_ANALYZER_NUMBER_OBJECT_CONVERSION = YES_AGGRESSIVE;
				CLANG_CXX_LANGUAGE_STANDARD = "gnu++20";
				CLANG_ENABLE_MODULES = YES;
				CLANG_ENABLE_OBJC_ARC = YES;
				CLANG_ENABLE_OBJC_WEAK = YES;
				CLANG_WARN_BLOCK_CAPTURE_AUTORELEASING = YES;
				CLANG_WARN_BOOL_CONVERSION = YES;
				CLANG_WARN_COMMA = YES;
				CLANG_WARN_CONSTANT_CONVERSION = YES;
				CLANG_WARN_DEPRECATED_OBJC_IMPLEMENTATIONS = YES;
				CLANG_WARN_DIRECT_OBJC_ISA_USAGE = YES_ERROR;
				CLANG_WARN_DOCUMENTATION_COMMENTS = YES;
				CLANG_WARN_EMPTY_BODY = YES;
				CLANG_WARN_ENUM_CONVERSION = YES;
				CLANG_WARN_INFINITE_RECURSION = YES;
				CLANG_WARN_INT_CONVERSION = YES;
				CLANG_WARN_NON_LITERAL_NULL_CONVERSION = YES;
				CLANG_WARN_OBJC_IMPLICIT_RETAIN_SELF = YES;
				CLANG_WARN_OBJC_LITERAL_CONVERSION = YES;
				CLANG_WARN_OBJC_ROOT_CLASS = YES_ERROR;
				CLANG_WARN_QUOTED_INCLUDE_IN_FRAMEWORK_HEADER = YES;
				CLANG_WARN_RANGE_LOOP_ANALYSIS = YES;
				CLANG_WARN_STRICT_PROTOTYPES = YES;
				CLANG_WARN_SUSPICIOUS_MOVE = YES;
				CLANG_WARN_UNGUARDED_AVAILABILITY = YES_AGGRESSIVE;
				CLANG_WARN_UNREACHABLE_CODE = YES;
				CLANG_WARN__DUPLICATE_METHOD_MATCH = YES;
				COPY_PHASE_STRIP = NO;
				DEBUG_INFORMATION_FORMAT = "dwarf-with-dsym";
				ENABLE_NS_ASSERTIONS = NO;
				ENABLE_STRICT_OBJC_MSGSEND = YES;
				GCC_C_LANGUAGE_STANDARD = gnu11;
				GCC_NO_COMMON_BLOCKS = YES;
				GCC_WARN_64_TO_32_BIT_CONVERSION = YES;
				GCC_WARN_ABOUT_RETURN_TYPE = YES_ERROR;
				GCC_WARN_UNDECLARED_SELECTOR = YES;
				GCC_WARN_UNINITIALIZED_AUTOS = YES_AGGRESSIVE;
				GCC_WARN_UNUSED_FUNCTION = YES;
				GCC_WARN_UNUSED_VARIABLE = YES;
				IPHONEOS_DEPLOYMENT_TARGET = 16.2;
				MTL_ENABLE_DEBUG_INFO = NO;
				MTL_FAST_MATH = YES;
				SDKROOT = iphoneos;
				SWIFT_COMPILATION_MODE = wholemodule;
				SWIFT_OPTIMIZATION_LEVEL = "-O";
				VALIDATE_PRODUCT = YES;
			};
			name = Release;
		};
		15F5D94B29BB06CD0085AE1F /* Debug */ = {
			isa = XCBuildConfiguration;
			buildSettings = {
				ASSETCATALOG_COMPILER_APPICON_NAME = AppIcon;
				ASSETCATALOG_COMPILER_GLOBAL_ACCENT_COLOR_NAME = AccentColor;
				CODE_SIGN_STYLE = Automatic;
				CURRENT_PROJECT_VERSION = 1;
				DEVELOPMENT_ASSET_PATHS = "\"FedsMonitoringApp/Preview Content\"";
				DEVELOPMENT_TEAM = Y3DB8Q5N8K;
				ENABLE_PREVIEWS = YES;
				GENERATE_INFOPLIST_FILE = YES;
				INFOPLIST_KEY_UIApplicationSceneManifest_Generation = YES;
				INFOPLIST_KEY_UIApplicationSupportsIndirectInputEvents = YES;
				INFOPLIST_KEY_UILaunchScreen_Generation = YES;
				INFOPLIST_KEY_UISupportedInterfaceOrientations_iPad = "UIInterfaceOrientationPortrait UIInterfaceOrientationPortraitUpsideDown UIInterfaceOrientationLandscapeLeft UIInterfaceOrientationLandscapeRight";
				INFOPLIST_KEY_UISupportedInterfaceOrientations_iPhone = "UIInterfaceOrientationPortrait UIInterfaceOrientationLandscapeLeft UIInterfaceOrientationLandscapeRight";
				LD_RUNPATH_SEARCH_PATHS = (
					"$(inherited)",
					"@executable_path/Frameworks",
				);
				MARKETING_VERSION = 1.0;
				PRODUCT_BUNDLE_IDENTIFIER = com.feds.app.FedsMonitoringApp;
				PRODUCT_NAME = "$(TARGET_NAME)";
				SWIFT_EMIT_LOC_STRINGS = YES;
				SWIFT_VERSION = 5.0;
				TARGETED_DEVICE_FAMILY = "1,2";
			};
			name = Debug;
		};
		15F5D94C29BB06CD0085AE1F /* Release */ = {
			isa = XCBuildConfiguration;
			buildSettings = {
				ASSETCATALOG_COMPILER_APPICON_NAME = AppIcon;
				ASSETCATALOG_COMPILER_GLOBAL_ACCENT_COLOR_NAME = AccentColor;
				CODE_SIGN_STYLE = Automatic;
				CURRENT_PROJECT_VERSION = 1;
				DEVELOPMENT_ASSET_PATHS = "\"FedsMonitoringApp/Preview Content\"";
				DEVELOPMENT_TEAM = Y3DB8Q5N8K;
				ENABLE_PREVIEWS = YES;
				GENERATE_INFOPLIST_FILE = YES;
				INFOPLIST_KEY_UIApplicationSceneManifest_Generation = YES;
				INFOPLIST_KEY_UIApplicationSupportsIndirectInputEvents = YES;
				INFOPLIST_KEY_UILaunchScreen_Generation = YES;
				INFOPLIST_KEY_UISupportedInterfaceOrientations_iPad = "UIInterfaceOrientationPortrait UIInterfaceOrientationPortraitUpsideDown UIInterfaceOrientationLandscapeLeft UIInterfaceOrientationLandscapeRight";
				INFOPLIST_KEY_UISupportedInterfaceOrientations_iPhone = "UIInterfaceOrientationPortrait UIInterfaceOrientationLandscapeLeft UIInterfaceOrientationLandscapeRight";
				LD_RUNPATH_SEARCH_PATHS = (
					"$(inherited)",
					"@executable_path/Frameworks",
				);
				MARKETING_VERSION = 1.0;
				PRODUCT_BUNDLE_IDENTIFIER = com.feds.app.FedsMonitoringApp;
				PRODUCT_NAME = "$(TARGET_NAME)";
				SWIFT_EMIT_LOC_STRINGS = YES;
				SWIFT_VERSION = 5.0;
				TARGETED_DEVICE_FAMILY = "1,2";
			};
			name = Release;
		};
/* End XCBuildConfiguration section */

/* Begin XCConfigurationList section */
		15F5D93729BB06CB0085AE1F /* Build configuration list for PBXProject "FedsMonitoringApp" */ = {
			isa = XCConfigurationList;
			buildConfigurations = (
				15F5D94829BB06CD0085AE1F /* Debug */,
				15F5D94929BB06CD0085AE1F /* Release */,
			);
			defaultConfigurationIsVisible = 0;
			defaultConfigurationName = Release;
		};
		15F5D94A29BB06CD0085AE1F /* Build configuration list for PBXNativeTarget "FedsMonitoringApp" */ = {
			isa = XCConfigurationList;
			buildConfigurations = (
				15F5D94B29BB06CD0085AE1F /* Debug */,
				15F5D94C29BB06CD0085AE1F /* Release */,
			);
			defaultConfigurationIsVisible = 0;
			defaultConfigurationName = Release;
		};
/* End XCConfigurationList section */
	};
	rootObject = 15F5D93429BB06CB0085AE1F /* Project object */;
}
